// !$*UTF8*$!
{
	archiveVersion = 1;
	classes = {
	};
	objectVersion = 50;
	objects = {

/* Begin PBXBuildFile section */
		B2B07751209614BC0096765F /* AppDelegate.m in Sources */ = {isa = PBXBuildFile; fileRef = B2B07750209614BC0096765F /* AppDelegate.m */; };
		B2B07754209614BD0096765F /* ViewController.m in Sources */ = {isa = PBXBuildFile; fileRef = B2B07753209614BD0096765F /* ViewController.m */; };
		B2B07757209614BD0096765F /* Main.storyboard in Resources */ = {isa = PBXBuildFile; fileRef = B2B07755209614BD0096765F /* Main.storyboard */; };
		B2B07759209614BF0096765F /* Assets.xcassets in Resources */ = {isa = PBXBuildFile; fileRef = B2B07758209614BF0096765F /* Assets.xcassets */; };
		B2B0775C209614BF0096765F /* LaunchScreen.storyboard in Resources */ = {isa = PBXBuildFile; fileRef = B2B0775A209614BF0096765F /* LaunchScreen.storyboard */; };
		B2B0775F209614BF0096765F /* main.m in Sources */ = {isa = PBXBuildFile; fileRef = B2B0775E209614BF0096765F /* main.m */; };
		B2B07767209874D00096765F /* AnswerView.m in Sources */ = {isa = PBXBuildFile; fileRef = B2B07766209874D00096765F /* AnswerView.m */; };
/* End PBXBuildFile section */

/* Begin PBXFileReference section */
		B2B0774C209614BC0096765F /* DaTi.app */ = {isa = PBXFileReference; explicitFileType = wrapper.application; includeInIndex = 0; path = DaTi.app; sourceTree = BUILT_PRODUCTS_DIR; };
		B2B0774F209614BC0096765F /* AppDelegate.h */ = {isa = PBXFileReference; lastKnownFileType = sourcecode.c.h; path = AppDelegate.h; sourceTree = "<group>"; };
		B2B07750209614BC0096765F /* AppDelegate.m */ = {isa = PBXFileReference; lastKnownFileType = sourcecode.c.objc; path = AppDelegate.m; sourceTree = "<group>"; };
		B2B07752209614BD0096765F /* ViewController.h */ = {isa = PBXFileReference; lastKnownFileType = sourcecode.c.h; path = ViewController.h; sourceTree = "<group>"; };
		B2B07753209614BD0096765F /* ViewController.m */ = {isa = PBXFileReference; lastKnownFileType = sourcecode.c.objc; path = ViewController.m; sourceTree = "<group>"; };
		B2B07756209614BD0096765F /* Base */ = {isa = PBXFileReference; lastKnownFileType = file.storyboard; name = Base; path = Base.lproj/Main.storyboard; sourceTree = "<group>"; };
		B2B07758209614BF0096765F /* Assets.xcassets */ = {isa = PBXFileReference; lastKnownFileType = folder.assetcatalog; path = Assets.xcassets; sourceTree = "<group>"; };
		B2B0775B209614BF0096765F /* Base */ = {isa = PBXFileReference; lastKnownFileType = file.storyboard; name = Base; path = Base.lproj/LaunchScreen.storyboard; sourceTree = "<group>"; };
		B2B0775D209614BF0096765F /* Info.plist */ = {isa = PBXFileReference; lastKnownFileType = text.plist.xml; path = Info.plist; sourceTree = "<group>"; };
		B2B0775E209614BF0096765F /* main.m */ = {isa = PBXFileReference; lastKnownFileType = sourcecode.c.objc; path = main.m; sourceTree = "<group>"; };
		B2B07765209874D00096765F /* AnswerView.h */ = {isa = PBXFileReference; lastKnownFileType = sourcecode.c.h; path = AnswerView.h; sourceTree = "<group>"; };
		B2B07766209874D00096765F /* AnswerView.m */ = {isa = PBXFileReference; lastKnownFileType = sourcecode.c.objc; path = AnswerView.m; sourceTree = "<group>"; };
/* End PBXFileReference section */

/* Begin PBXFrameworksBuildPhase section */
		B2B07749209614BC0096765F /* Frameworks */ = {
			isa = PBXFrameworksBuildPhase;
			buildActionMask = 2147483647;
			files = (
			);
			runOnlyForDeploymentPostprocessing = 0;
		};
/* End PBXFrameworksBuildPhase section */

/* Begin PBXGroup section */
		B2B07743209614BC0096765F = {
			isa = PBXGroup;
			children = (
				B2B0774E209614BC0096765F /* DaTi */,
				B2B0774D209614BC0096765F /* Products */,
			);
			sourceTree = "<group>";
		};
		B2B0774D209614BC0096765F /* Products */ = {
			isa = PBXGroup;
			children = (
				B2B0774C209614BC0096765F /* DaTi.app */,
			);
			name = Products;
			sourceTree = "<group>";
		};
		B2B0774E209614BC0096765F /* DaTi */ = {
			isa = PBXGroup;
			children = (
				B2B0774F209614BC0096765F /* AppDelegate.h */,
				B2B07750209614BC0096765F /* AppDelegate.m */,
				B2B07752209614BD0096765F /* ViewController.h */,
				B2B07753209614BD0096765F /* ViewController.m */,
				B2B07765209874D00096765F /* AnswerView.h */,
				B2B07766209874D00096765F /* AnswerView.m */,
				B2B07755209614BD0096765F /* Main.storyboard */,
				B2B07758209614BF0096765F /* Assets.xcassets */,
				B2B0775A209614BF0096765F /* LaunchScreen.storyboard */,
				B2B0775D209614BF0096765F /* Info.plist */,
				B2B0775E209614BF0096765F /* main.m */,
			);
			path = DaTi;
			sourceTree = "<group>";
		};
/* End PBXGroup section */

/* Begin PBXNativeTarget section */
		B2B0774B209614BC0096765F /* DaTi */ = {
			isa = PBXNativeTarget;
			buildConfigurationList = B2B07762209614BF0096765F /* Build configuration list for PBXNativeTarget "DaTi" */;
			buildPhases = (
				B2B07748209614BC0096765F /* Sources */,
				B2B07749209614BC0096765F /* Frameworks */,
				B2B0774A209614BC0096765F /* Resources */,
			);
			buildRules = (
			);
			dependencies = (
			);
			name = DaTi;
			productName = DaTi;
			productReference = B2B0774C209614BC0096765F /* DaTi.app */;
			productType = "com.apple.product-type.application";
		};
/* End PBXNativeTarget section */

/* Begin PBXProject section */
		B2B07744209614BC0096765F /* Project object */ = {
			isa = PBXProject;
			attributes = {
				LastUpgradeCheck = 0930;
				ORGANIZATIONNAME = BennyChen;
				TargetAttributes = {
					B2B0774B209614BC0096765F = {
						CreatedOnToolsVersion = 9.3;
					};
				};
			};
			buildConfigurationList = B2B07747209614BC0096765F /* Build configuration list for PBXProject "DaTi" */;
			compatibilityVersion = "Xcode 9.3";
			developmentRegion = en;
			hasScannedForEncodings = 0;
			knownRegions = (
				en,
				Base,
			);
			mainGroup = B2B07743209614BC0096765F;
			productRefGroup = B2B0774D209614BC0096765F /* Products */;
			projectDirPath = "";
			projectRoot = "";
			targets = (
				B2B0774B209614BC0096765F /* DaTi */,
			);
		};
/* End PBXProject section */

/* Begin PBXResourcesBuildPhase section */
		B2B0774A209614BC0096765F /* Resources */ = {
			isa = PBXResourcesBuildPhase;
			buildActionMask = 2147483647;
			files = (
				B2B0775C209614BF0096765F /* LaunchScreen.storyboard in Resources */,
				B2B07759209614BF0096765F /* Assets.xcassets in Resources */,
				B2B07757209614BD0096765F /* Main.storyboard in Resources */,
			);
			runOnlyForDeploymentPostprocessing = 0;
		};
/* End PBXResourcesBuildPhase section */

/* Begin PBXSourcesBuildPhase section */
		B2B07748209614BC0096765F /* Sources */ = {
			isa = PBXSourcesBuildPhase;
			buildActionMask = 2147483647;
			files = (
				B2B07754209614BD0096765F /* ViewController.m in Sources */,
				B2B0775F209614BF0096765F /* main.m in Sources */,
				B2B07767209874D00096765F /* AnswerView.m in Sources */,
				B2B07751209614BC0096765F /* AppDelegate.m in Sources */,
			);
			runOnlyForDeploymentPostprocessing = 0;
		};
/* End PBXSourcesBuildPhase section */

/* Begin PBXVariantGroup section */
		B2B07755209614BD0096765F /* Main.storyboard */ = {
			isa = PBXVariantGroup;
			children = (
				B2B07756209614BD0096765F /* Base */,
			);
			name = Main.storyboard;
			sourceTree = "<group>";
		};
		B2B0775A209614BF0096765F /* LaunchScreen.storyboard */ = {
			isa = PBXVariantGroup;
			children = (
				B2B0775B209614BF0096765F /* Base */,
			);
			name = LaunchScreen.storyboard;
			sourceTree = "<group>";
		};
/* End PBXVariantGroup section */

/* Begin XCBuildConfiguration section */
		B2B07760209614BF0096765F /* Debug */ = {
			isa = XCBuildConfiguration;
			buildSettings = {
				ALWAYS_SEARCH_USER_PATHS = NO;
				CLANG_ANALYZER_NONNULL = YES;
				CLANG_ANALYZER_NUMBER_OBJECT_CONVERSION = YES_AGGRESSIVE;
				CLANG_CXX_LANGUAGE_STANDARD = "gnu++14";
				CLANG_CXX_LIBRARY = "libc++";
				CLANG_ENABLE_MODULES = YES;
				CLANG_ENABLE_OBJC_ARC = YES;
				CLANG_ENABLE_OBJC_WEAK = YES;
				CLANG_WARN_BLOCK_CAPTURE_AUTORELEASING = YES;
				CLANG_WARN_BOOL_CONVERSION = YES;
				CLANG_WARN_COMMA = YES;
				CLANG_WARN_CONSTANT_CONVERSION = YES;
				CLANG_WARN_DEPRECATED_OBJC_IMPLEMENTATIONS = YES;
				CLANG_WARN_DIRECT_OBJC_ISA_USAGE = YES_ERROR;
				CLANG_WARN_DOCUMENTATION_COMMENTS = YES;
				CLANG_WARN_EMPTY_BODY = YES;
				CLANG_WARN_ENUM_CONVERSION = YES;
				CLANG_WARN_INFINITE_RECURSION = YES;
				CLANG_WARN_INT_CONVERSION = YES;
				CLANG_WARN_NON_LITERAL_NULL_CONVERSION = YES;
				CLANG_WARN_OBJC_IMPLICIT_RETAIN_SELF = YES;
				CLANG_WARN_OBJC_LITERAL_CONVERSION = YES;
				CLANG_WARN_OBJC_ROOT_CLASS = YES_ERROR;
				CLANG_WARN_RANGE_LOOP_ANALYSIS = YES;
				CLANG_WARN_STRICT_PROTOTYPES = YES;
				CLANG_WARN_SUSPICIOUS_MOVE = YES;
				CLANG_WARN_UNGUARDED_AVAILABILITY = YES_AGGRESSIVE;
				CLANG_WARN_UNREACHABLE_CODE = YES;
				CLANG_WARN__DUPLICATE_METHOD_MATCH = YES;
				CODE_SIGN_IDENTITY = "iPhone Developer";
				COPY_PHASE_STRIP = NO;
				DEBUG_INFORMATION_FORMAT = dwarf;
				ENABLE_STRICT_OBJC_MSGSEND = YES;
				ENABLE_TESTABILITY = YES;
				GCC_C_LANGUAGE_STANDARD = gnu11;
				GCC_DYNAMIC_NO_PIC = NO;
				GCC_NO_COMMON_BLOCKS = YES;
				GCC_OPTIMIZATION_LEVEL = 0;
				GCC_PREPROCESSOR_DEFINITIONS = (
					"DEBUG=1",
					"$(inherited)",
				);
				GCC_WARN_64_TO_32_BIT_CONVERSION = YES;
				GCC_WARN_ABOUT_RETURN_TYPE = YES_ERROR;
				GCC_WARN_UNDECLARED_SELECTOR = YES;
				GCC_WARN_UNINITIALIZED_AUTOS = YES_AGGRESSIVE;
				GCC_WARN_UNUSED_FUNCTION = YES;
				GCC_WARN_UNUSED_VARIABLE = YES;
				IPHONEOS_DEPLOYMENT_TARGET = 11.3;
				MTL_ENABLE_DEBUG_INFO = YES;
				ONLY_ACTIVE_ARCH = YES;
				SDKROOT = iphoneos;
			};
			name = Debug;
		};
		B2B07761209614BF0096765F /* Release */ = {
			isa = XCBuildConfiguration;
			buildSettings = {
				ALWAYS_SEARCH_USER_PATHS = NO;
				CLANG_ANALYZER_NONNULL = YES;
				CLANG_ANALYZER_NUMBER_OBJECT_CONVERSION = YES_AGGRESSIVE;
				CLANG_CXX_LANGUAGE_STANDARD = "gnu++14";
				CLANG_CXX_LIBRARY = "libc++";
				CLANG_ENABLE_MODULES = YES;
				CLANG_ENABLE_OBJC_ARC = YES;
				CLANG_ENABLE_OBJC_WEAK = YES;
				CLANG_WARN_BLOCK_CAPTURE_AUTORELEASING = YES;
				CLANG_WARN_BOOL_CONVERSION = YES;
				CLANG_WARN_COMMA = YES;
				CLANG_WARN_CONSTANT_CONVERSION = YES;
				CLANG_WARN_DEPRECATED_OBJC_IMPLEMENTATIONS = YES;
				CLANG_WARN_DIRECT_OBJC_ISA_USAGE = YES_ERROR;
				CLANG_WARN_DOCUMENTATION_COMMENTS = YES;
				CLANG_WARN_EMPTY_BODY = YES;
				CLANG_WARN_ENUM_CONVERSION = YES;
				CLANG_WARN_INFINITE_RECURSION = YES;
				CLANG_WARN_INT_CONVERSION = YES;
				CLANG_WARN_NON_LITERAL_NULL_CONVERSION = YES;
				CLANG_WARN_OBJC_IMPLICIT_RETAIN_SELF = YES;
				CLANG_WARN_OBJC_LITERAL_CONVERSION = YES;
				CLANG_WARN_OBJC_ROOT_CLASS = YES_ERROR;
				CLANG_WARN_RANGE_LOOP_ANALYSIS = YES;
				CLANG_WARN_STRICT_PROTOTYPES = YES;
				CLANG_WARN_SUSPICIOUS_MOVE = YES;
				CLANG_WARN_UNGUARDED_AVAILABILITY = YES_AGGRESSIVE;
				CLANG_WARN_UNREACHABLE_CODE = YES;
				CLANG_WARN__DUPLICATE_METHOD_MATCH = YES;
				CODE_SIGN_IDENTITY = "iPhone Developer";
				COPY_PHASE_STRIP = NO;
				DEBUG_INFORMATION_FORMAT = "dwarf-with-dsym";
				ENABLE_NS_ASSERTIONS = NO;
				ENABLE_STRICT_OBJC_MSGSEND = YES;
				GCC_C_LANGUAGE_STANDARD = gnu11;
				GCC_NO_COMMON_BLOCKS = YES;
				GCC_WARN_64_TO_32_BIT_CONVERSION = YES;
				GCC_WARN_ABOUT_RETURN_TYPE = YES_ERROR;
				GCC_WARN_UNDECLARED_SELECTOR = YES;
				GCC_WARN_UNINITIALIZED_AUTOS = YES_AGGRESSIVE;
				GCC_WARN_UNUSED_FUNCTION = YES;
				GCC_WARN_UNUSED_VARIABLE = YES;
				IPHONEOS_DEPLOYMENT_TARGET = 11.3;
				MTL_ENABLE_DEBUG_INFO = NO;
				SDKROOT = iphoneos;
				VALIDATE_PRODUCT = YES;
			};
			name = Release;
		};
		B2B07763209614BF0096765F /* Debug */ = {
			isa = XCBuildConfiguration;
			buildSettings = {
				ASSETCATALOG_COMPILER_APPICON_NAME = AppIcon;
				CODE_SIGN_STYLE = Automatic;
				DEVELOPMENT_TEAM = DWY2W2N8RG;
				INFOPLIST_FILE = DaTi/Info.plist;
				LD_RUNPATH_SEARCH_PATHS = (
					"$(inherited)",
					"@executable_path/Frameworks",
				);
				PRODUCT_BUNDLE_IDENTIFIER = com.tcsoft.DaTi;
				PRODUCT_NAME = "$(TARGET_NAME)";
				TARGETED_DEVICE_FAMILY = "1,2";
			};
			name = Debug;
		};
		B2B07764209614BF0096765F /* Release */ = {
			isa = XCBuildConfiguration;
			buildSettings = {
				ASSETCATALOG_COMPILER_APPICON_NAME = AppIcon;
				CODE_SIGN_STYLE = Automatic;
				DEVELOPMENT_TEAM = DWY2W2N8RG;
				INFOPLIST_FILE = DaTi/Info.plist;
				LD_RUNPATH_SEARCH_PATHS = (
					"$(inherited)",
					"@executable_path/Frameworks",
				);
				PRODUCT_BUNDLE_IDENTIFIER = com.tcsoft.DaTi;
				PRODUCT_NAME = "$(TARGET_NAME)";
				TARGETED_DEVICE_FAMILY = "1,2";
			};
			name = Release;
		};
/* End XCBuildConfiguration section */

/* Begin XCConfigurationList section */
		B2B07747209614BC0096765F /* Build configuration list for PBXProject "DaTi" */ = {
			isa = XCConfigurationList;
			buildConfigurations = (
				B2B07760209614BF0096765F /* Debug */,
				B2B07761209614BF0096765F /* Release */,
			);
			defaultConfigurationIsVisible = 0;
			defaultConfigurationName = Release;
		};
		B2B07762209614BF0096765F /* Build configuration list for PBXNativeTarget "DaTi" */ = {
			isa = XCConfigurationList;
			buildConfigurations = (
				B2B07763209614BF0096765F /* Debug */,
				B2B07764209614BF0096765F /* Release */,
			);
			defaultConfigurationIsVisible = 0;
			defaultConfigurationName = Release;
		};
/* End XCConfigurationList section */
	};
	rootObject = B2B07744209614BC0096765F /* Project object */;
}
